
Microsoft Visual Studio Solution File, Format Version 12.00
# Visual Studio 15
VisualStudioVersion = 15.0.27428.2037
MinimumVisualStudioVersion = 10.0.40219.1
Project("{FAE04EC0-301F-11D3-BF4B-00C04F79EFBC}") = "ComicBookGallery", "ComicBookGallery\ComicBookGallery.csproj", "{09EEEBC5-AD5C-4924-841D-424AC04187BD}"
EndProject
Global
	GlobalSection(SolutionConfigurationPlatforms) = preSolution
		Debug|Any CPU = Debug|Any CPU
		Release|Any CPU = Release|Any CPU
	EndGlobalSection
	GlobalSection(ProjectConfigurationPlatforms) = postSolution
		{09EEEBC5-AD5C-4924-841D-424AC04187BD}.Debug|Any CPU.ActiveCfg = Debug|Any CPU
		{09EEEBC5-AD5C-4924-841D-424AC04187BD}.Debug|Any CPU.Build.0 = Debug|Any CPU
		{09EEEBC5-AD5C-4924-841D-424AC04187BD}.Release|Any CPU.ActiveCfg = Release|Any CPU
		{09EEEBC5-AD5C-4924-841D-424AC04187BD}.Release|Any CPU.Build.0 = Release|Any CPU
	EndGlobalSection
	GlobalSection(SolutionProperties) = preSolution
		HideSolutionNode = FALSE
	EndGlobalSection
	GlobalSection(ExtensibilityGlobals) = postSolution
		SolutionGuid = {B1BC3497-07C0-4600-935E-0D4CBCD3AC2F}
	EndGlobalSection
EndGlobal
